
Microsoft Visual Studio Solution File, Format Version 12.00
# Visual Studio 15
VisualStudioVersion = 15.0.26730.12
MinimumVisualStudioVersion = 10.0.40219.1
Project("{FAE04EC0-301F-11D3-BF4B-00C04F79EFBC}") = "ContactsLibrary", "ContactsLibrary\ContactsLibrary.csproj", "{FE3F3EE3-7CEA-4E0D-872D-844A39E07616}"
EndProject
Global
	GlobalSection(SolutionConfigurationPlatforms) = preSolution
		Debug|Any CPU = Debug|Any CPU
		Release|Any CPU = Release|Any CPU
	EndGlobalSection
	GlobalSection(ProjectConfigurationPlatforms) = postSolution
		{FE3F3EE3-7CEA-4E0D-872D-844A39E07616}.Debug|Any CPU.ActiveCfg = Debug|Any CPU
		{FE3F3EE3-7CEA-4E0D-872D-844A39E07616}.Debug|Any CPU.Build.0 = Debug|Any CPU
		{FE3F3EE3-7CEA-4E0D-872D-844A39E07616}.Release|Any CPU.ActiveCfg = Release|Any CPU
		{FE3F3EE3-7CEA-4E0D-872D-844A39E07616}.Release|Any CPU.Build.0 = Release|Any CPU
	EndGlobalSection
	GlobalSection(SolutionProperties) = preSolution
		HideSolutionNode = FALSE
	EndGlobalSection
	GlobalSection(ExtensibilityGlobals) = postSolution
		SolutionGuid = {6429B83A-6E16-4028-91B4-D1F78B7CD62A}
	EndGlobalSection
EndGlobal
