
Microsoft Visual Studio Solution File, Format Version 12.00
# Visual Studio 15
VisualStudioVersion = 15.0.26730.12
MinimumVisualStudioVersion = 10.0.40219.1
Project("{FAE04EC0-301F-11D3-BF4B-00C04F79EFBC}") = "MvcBasicWalkthrough", "MvcBasicWalkthrough\MvcBasicWalkthrough.csproj", "{16A676FA-C58B-4493-8AA3-EB049A1B9201}"
EndProject
Project("{FAE04EC0-301F-11D3-BF4B-00C04F79EFBC}") = "MvcBasicWalkthrough.Tests", "MvcBasicWalkthrough.Tests\MvcBasicWalkthrough.Tests.csproj", "{E86F3BF0-9D0B-4998-8AAA-722667BF35C0}"
EndProject
Global
	GlobalSection(SolutionConfigurationPlatforms) = preSolution
		Debug|Any CPU = Debug|Any CPU
		Release|Any CPU = Release|Any CPU
	EndGlobalSection
	GlobalSection(ProjectConfigurationPlatforms) = postSolution
		{16A676FA-C58B-4493-8AA3-EB049A1B9201}.Debug|Any CPU.ActiveCfg = Debug|Any CPU
		{16A676FA-C58B-4493-8AA3-EB049A1B9201}.Debug|Any CPU.Build.0 = Debug|Any CPU
		{16A676FA-C58B-4493-8AA3-EB049A1B9201}.Release|Any CPU.ActiveCfg = Release|Any CPU
		{16A676FA-C58B-4493-8AA3-EB049A1B9201}.Release|Any CPU.Build.0 = Release|Any CPU
		{E86F3BF0-9D0B-4998-8AAA-722667BF35C0}.Debug|Any CPU.ActiveCfg = Debug|Any CPU
		{E86F3BF0-9D0B-4998-8AAA-722667BF35C0}.Debug|Any CPU.Build.0 = Debug|Any CPU
		{E86F3BF0-9D0B-4998-8AAA-722667BF35C0}.Release|Any CPU.ActiveCfg = Release|Any CPU
		{E86F3BF0-9D0B-4998-8AAA-722667BF35C0}.Release|Any CPU.Build.0 = Release|Any CPU
	EndGlobalSection
	GlobalSection(SolutionProperties) = preSolution
		HideSolutionNode = FALSE
	EndGlobalSection
	GlobalSection(ExtensibilityGlobals) = postSolution
		SolutionGuid = {FEE34DF4-AD60-43DF-9797-2342F18B5643}
	EndGlobalSection
EndGlobal
