
Microsoft Visual Studio Solution File, Format Version 12.00
# Visual Studio 15
VisualStudioVersion = 15.0.26730.12
MinimumVisualStudioVersion = 10.0.40219.1
Project("{FAE04EC0-301F-11D3-BF4B-00C04F79EFBC}") = "UserIn1", "UserIn1\UserIn1.csproj", "{740D3A1D-1613-442C-BAF8-22B21323936B}"
EndProject
Project("{FAE04EC0-301F-11D3-BF4B-00C04F79EFBC}") = "UserIn2", "UserIn2\UserIn2.csproj", "{826B70DB-C1AF-4A07-8EFA-454F97B5A217}"
EndProject
Project("{FAE04EC0-301F-11D3-BF4B-00C04F79EFBC}") = "UserIn3", "UserIn3\UserIn3.csproj", "{C45E2BB8-D6E9-43F2-943A-C9BA4CEA5DD1}"
EndProject
Global
	GlobalSection(SolutionConfigurationPlatforms) = preSolution
		Debug|Any CPU = Debug|Any CPU
		Release|Any CPU = Release|Any CPU
	EndGlobalSection
	GlobalSection(ProjectConfigurationPlatforms) = postSolution
		{740D3A1D-1613-442C-BAF8-22B21323936B}.Debug|Any CPU.ActiveCfg = Debug|Any CPU
		{740D3A1D-1613-442C-BAF8-22B21323936B}.Debug|Any CPU.Build.0 = Debug|Any CPU
		{740D3A1D-1613-442C-BAF8-22B21323936B}.Release|Any CPU.ActiveCfg = Release|Any CPU
		{740D3A1D-1613-442C-BAF8-22B21323936B}.Release|Any CPU.Build.0 = Release|Any CPU
		{826B70DB-C1AF-4A07-8EFA-454F97B5A217}.Debug|Any CPU.ActiveCfg = Debug|Any CPU
		{826B70DB-C1AF-4A07-8EFA-454F97B5A217}.Debug|Any CPU.Build.0 = Debug|Any CPU
		{826B70DB-C1AF-4A07-8EFA-454F97B5A217}.Release|Any CPU.ActiveCfg = Release|Any CPU
		{826B70DB-C1AF-4A07-8EFA-454F97B5A217}.Release|Any CPU.Build.0 = Release|Any CPU
		{C45E2BB8-D6E9-43F2-943A-C9BA4CEA5DD1}.Debug|Any CPU.ActiveCfg = Debug|Any CPU
		{C45E2BB8-D6E9-43F2-943A-C9BA4CEA5DD1}.Debug|Any CPU.Build.0 = Debug|Any CPU
		{C45E2BB8-D6E9-43F2-943A-C9BA4CEA5DD1}.Release|Any CPU.ActiveCfg = Release|Any CPU
		{C45E2BB8-D6E9-43F2-943A-C9BA4CEA5DD1}.Release|Any CPU.Build.0 = Release|Any CPU
	EndGlobalSection
	GlobalSection(SolutionProperties) = preSolution
		HideSolutionNode = FALSE
	EndGlobalSection
	GlobalSection(ExtensibilityGlobals) = postSolution
		SolutionGuid = {73750C0D-C369-415B-A40C-ED0A44BC8722}
	EndGlobalSection
EndGlobal
